# This file was autogenerated by Stack.
# You should not edit this file by hand.
# For more information, please see the documentation at:
#   https://docs.haskellstack.org/en/stable/lock_files

packages:
- completed:
    commit: 25686fcfddfba9c9adde795a46eb342b75071f2e
    git: https://github.com/baulig/hlibsass.git
    name: hlibsass
    pantry-tree:
      sha256: 733374514e19cb95739413d4bc20cf93cfcbdd4f3fd4382f948f6e373061a98e
      size: 18472
    version: 0.1.10.1
  original:
    commit: 25686fcfddfba9c9adde795a46eb342b75071f2e
    git: https://github.com/baulig/hlibsass.git
snapshots:
- completed:
    sha256: 417fa04a2ed8916cdae74c475ff97ac80857fed5000f19dce4f9564b5e635294
    size: 720000
    url: https://raw.githubusercontent.com/commercialhaskell/stackage-snapshots/master/lts/22/32.yaml
  original: lts-22.32
